
Microsoft Visual Studio Solution File, Format Version 12.00
# Visual Studio Version 17
VisualStudioVersion = 17.6.33815.320
MinimumVisualStudioVersion = 10.0.40219.1
Project("{FAE04EC0-301F-11D3-BF4B-00C04F79EFBC}") = "ProductionAccounting.BL", "ProductionAccounting.BL\ProductionAccounting.BL.csproj", "{6906F16F-E812-4043-916E-77C765F76A3E}"
EndProject
Project("{FAE04EC0-301F-11D3-BF4B-00C04F79EFBC}") = "ProductionAccounting.CMD", "ProductionAccounting.CMD\ProductionAccounting.CMD.csproj", "{A2222AE9-CAB7-4A0C-8073-09D4495F5097}"
EndProject
Project("{FAE04EC0-301F-11D3-BF4B-00C04F79EFBC}") = "ProductionAccounting.BLTests", "ProductionAccounting.BLTests\ProductionAccounting.BLTests.csproj", "{313FDEA2-14EB-441E-A014-96CC4D2A6450}"
EndProject
Project("{54435603-DBB4-11D2-8724-00A0C9A8B90C}") = "Setup", "Setup\Setup.vdproj", "{065454B6-8389-4617-A966-1887455A86BB}"
EndProject
Global
	GlobalSection(SolutionConfigurationPlatforms) = preSolution
		Debug|Any CPU = Debug|Any CPU
		Release|Any CPU = Release|Any CPU
	EndGlobalSection
	GlobalSection(ProjectConfigurationPlatforms) = postSolution
		{6906F16F-E812-4043-916E-77C765F76A3E}.Debug|Any CPU.ActiveCfg = Debug|Any CPU
		{6906F16F-E812-4043-916E-77C765F76A3E}.Debug|Any CPU.Build.0 = Debug|Any CPU
		{6906F16F-E812-4043-916E-77C765F76A3E}.Release|Any CPU.ActiveCfg = Release|Any CPU
		{6906F16F-E812-4043-916E-77C765F76A3E}.Release|Any CPU.Build.0 = Release|Any CPU
		{A2222AE9-CAB7-4A0C-8073-09D4495F5097}.Debug|Any CPU.ActiveCfg = Debug|Any CPU
		{A2222AE9-CAB7-4A0C-8073-09D4495F5097}.Debug|Any CPU.Build.0 = Debug|Any CPU
		{A2222AE9-CAB7-4A0C-8073-09D4495F5097}.Release|Any CPU.ActiveCfg = Release|Any CPU
		{A2222AE9-CAB7-4A0C-8073-09D4495F5097}.Release|Any CPU.Build.0 = Release|Any CPU
		{313FDEA2-14EB-441E-A014-96CC4D2A6450}.Debug|Any CPU.ActiveCfg = Debug|Any CPU
		{313FDEA2-14EB-441E-A014-96CC4D2A6450}.Debug|Any CPU.Build.0 = Debug|Any CPU
		{313FDEA2-14EB-441E-A014-96CC4D2A6450}.Release|Any CPU.ActiveCfg = Release|Any CPU
		{313FDEA2-14EB-441E-A014-96CC4D2A6450}.Release|Any CPU.Build.0 = Release|Any CPU
		{065454B6-8389-4617-A966-1887455A86BB}.Debug|Any CPU.ActiveCfg = Debug
		{065454B6-8389-4617-A966-1887455A86BB}.Release|Any CPU.ActiveCfg = Release
	EndGlobalSection
	GlobalSection(SolutionProperties) = preSolution
		HideSolutionNode = FALSE
	EndGlobalSection
	GlobalSection(ExtensibilityGlobals) = postSolution
		SolutionGuid = {445D74A9-CB35-4168-87CB-E94DA753B52B}
	EndGlobalSection
EndGlobal
